// !$*UTF8*$!
{
	archiveVersion = 1;
	classes = {
	};
	objectVersion = 56;
	objects = {

/* Begin PBXBuildFile section */
		9A178E022BBE9F90006956E0 /* RunWithWatchApp.swift in Sources */ = {isa = PBXBuildFile; fileRef = 9A178E012BBE9F90006956E0 /* RunWithWatchApp.swift */; };
		9A178E042BBE9F90006956E0 /* ContentView.swift in Sources */ = {isa = PBXBuildFile; fileRef = 9A178E032BBE9F90006956E0 /* ContentView.swift */; };
		9A178E062BBE9F92006956E0 /* Assets.xcassets in Resources */ = {isa = PBXBuildFile; fileRef = 9A178E052BBE9F92006956E0 /* Assets.xcassets */; };
		9A178E092BBE9F92006956E0 /* Preview Assets.xcassets in Resources */ = {isa = PBXBuildFile; fileRef = 9A178E082BBE9F92006956E0 /* Preview Assets.xcassets */; };
		9A178E132BBE9F92006956E0 /* RunWithWatchTests.swift in Sources */ = {isa = PBXBuildFile; fileRef = 9A178E122BBE9F92006956E0 /* RunWithWatchTests.swift */; };
		9A178E1D2BBE9F92006956E0 /* RunWithWatchUITests.swift in Sources */ = {isa = PBXBuildFile; fileRef = 9A178E1C2BBE9F92006956E0 /* RunWithWatchUITests.swift */; };
		9A178E1F2BBE9F92006956E0 /* RunWithWatchUITestsLaunchTests.swift in Sources */ = {isa = PBXBuildFile; fileRef = 9A178E1E2BBE9F92006956E0 /* RunWithWatchUITestsLaunchTests.swift */; };
/* End PBXBuildFile section */

/* Begin PBXContainerItemProxy section */
		9A178E0F2BBE9F92006956E0 /* PBXContainerItemProxy */ = {
			isa = PBXContainerItemProxy;
			containerPortal = 9A178DF62BBE9F90006956E0 /* Project object */;
			proxyType = 1;
			remoteGlobalIDString = 9A178DFD2BBE9F90006956E0;
			remoteInfo = RunWithWatch;
		};
		9A178E192BBE9F92006956E0 /* PBXContainerItemProxy */ = {
			isa = PBXContainerItemProxy;
			containerPortal = 9A178DF62BBE9F90006956E0 /* Project object */;
			proxyType = 1;
			remoteGlobalIDString = 9A178DFD2BBE9F90006956E0;
			remoteInfo = RunWithWatch;
		};
/* End PBXContainerItemProxy section */

/* Begin PBXFileReference section */
		9A178DFE2BBE9F90006956E0 /* RunWithWatch.app */ = {isa = PBXFileReference; explicitFileType = wrapper.application; includeInIndex = 0; path = RunWithWatch.app; sourceTree = BUILT_PRODUCTS_DIR; };
		9A178E012BBE9F90006956E0 /* RunWithWatchApp.swift */ = {isa = PBXFileReference; lastKnownFileType = sourcecode.swift; path = RunWithWatchApp.swift; sourceTree = "<group>"; };
		9A178E032BBE9F90006956E0 /* ContentView.swift */ = {isa = PBXFileReference; lastKnownFileType = sourcecode.swift; path = ContentView.swift; sourceTree = "<group>"; };
		9A178E052BBE9F92006956E0 /* Assets.xcassets */ = {isa = PBXFileReference; lastKnownFileType = folder.assetcatalog; path = Assets.xcassets; sourceTree = "<group>"; };
		9A178E082BBE9F92006956E0 /* Preview Assets.xcassets */ = {isa = PBXFileReference; lastKnownFileType = folder.assetcatalog; path = "Preview Assets.xcassets"; sourceTree = "<group>"; };
		9A178E0E2BBE9F92006956E0 /* RunWithWatchTests.xctest */ = {isa = PBXFileReference; explicitFileType = wrapper.cfbundle; includeInIndex = 0; path = RunWithWatchTests.xctest; sourceTree = BUILT_PRODUCTS_DIR; };
		9A178E122BBE9F92006956E0 /* RunWithWatchTests.swift */ = {isa = PBXFileReference; lastKnownFileType = sourcecode.swift; path = RunWithWatchTests.swift; sourceTree = "<group>"; };
		9A178E182BBE9F92006956E0 /* RunWithWatchUITests.xctest */ = {isa = PBXFileReference; explicitFileType = wrapper.cfbundle; includeInIndex = 0; path = RunWithWatchUITests.xctest; sourceTree = BUILT_PRODUCTS_DIR; };
		9A178E1C2BBE9F92006956E0 /* RunWithWatchUITests.swift */ = {isa = PBXFileReference; lastKnownFileType = sourcecode.swift; path = RunWithWatchUITests.swift; sourceTree = "<group>"; };
		9A178E1E2BBE9F92006956E0 /* RunWithWatchUITestsLaunchTests.swift */ = {isa = PBXFileReference; lastKnownFileType = sourcecode.swift; path = RunWithWatchUITestsLaunchTests.swift; sourceTree = "<group>"; };
/* End PBXFileReference section */

/* Begin PBXFrameworksBuildPhase section */
		9A178DFB2BBE9F90006956E0 /* Frameworks */ = {
			isa = PBXFrameworksBuildPhase;
			buildActionMask = 2147483647;
			files = (
			);
			runOnlyForDeploymentPostprocessing = 0;
		};
		9A178E0B2BBE9F92006956E0 /* Frameworks */ = {
			isa = PBXFrameworksBuildPhase;
			buildActionMask = 2147483647;
			files = (
			);
			runOnlyForDeploymentPostprocessing = 0;
		};
		9A178E152BBE9F92006956E0 /* Frameworks */ = {
			isa = PBXFrameworksBuildPhase;
			buildActionMask = 2147483647;
			files = (
			);
			runOnlyForDeploymentPostprocessing = 0;
		};
/* End PBXFrameworksBuildPhase section */

/* Begin PBXGroup section */
		9A178DF52BBE9F90006956E0 = {
			isa = PBXGroup;
			children = (
				9A178E002BBE9F90006956E0 /* RunWithWatch */,
				9A178E112BBE9F92006956E0 /* RunWithWatchTests */,
				9A178E1B2BBE9F92006956E0 /* RunWithWatchUITests */,
				9A178DFF2BBE9F90006956E0 /* Products */,
			);
			sourceTree = "<group>";
		};
		9A178DFF2BBE9F90006956E0 /* Products */ = {
			isa = PBXGroup;
			children = (
				9A178DFE2BBE9F90006956E0 /* RunWithWatch.app */,
				9A178E0E2BBE9F92006956E0 /* RunWithWatchTests.xctest */,
				9A178E182BBE9F92006956E0 /* RunWithWatchUITests.xctest */,
			);
			name = Products;
			sourceTree = "<group>";
		};
		9A178E002BBE9F90006956E0 /* RunWithWatch */ = {
			isa = PBXGroup;
			children = (
				9A178E012BBE9F90006956E0 /* RunWithWatchApp.swift */,
				9A178E032BBE9F90006956E0 /* ContentView.swift */,
				9A178E052BBE9F92006956E0 /* Assets.xcassets */,
				9A178E072BBE9F92006956E0 /* Preview Content */,
			);
			path = RunWithWatch;
			sourceTree = "<group>";
		};
		9A178E072BBE9F92006956E0 /* Preview Content */ = {
			isa = PBXGroup;
			children = (
				9A178E082BBE9F92006956E0 /* Preview Assets.xcassets */,
			);
			path = "Preview Content";
			sourceTree = "<group>";
		};
		9A178E112BBE9F92006956E0 /* RunWithWatchTests */ = {
			isa = PBXGroup;
			children = (
				9A178E122BBE9F92006956E0 /* RunWithWatchTests.swift */,
			);
			path = RunWithWatchTests;
			sourceTree = "<group>";
		};
		9A178E1B2BBE9F92006956E0 /* RunWithWatchUITests */ = {
			isa = PBXGroup;
			children = (
				9A178E1C2BBE9F92006956E0 /* RunWithWatchUITests.swift */,
				9A178E1E2BBE9F92006956E0 /* RunWithWatchUITestsLaunchTests.swift */,
			);
			path = RunWithWatchUITests;
			sourceTree = "<group>";
		};
/* End PBXGroup section */

/* Begin PBXNativeTarget section */
		9A178DFD2BBE9F90006956E0 /* RunWithWatch */ = {
			isa = PBXNativeTarget;
			buildConfigurationList = 9A178E222BBE9F92006956E0 /* Build configuration list for PBXNativeTarget "RunWithWatch" */;
			buildPhases = (
				9A178DFA2BBE9F90006956E0 /* Sources */,
				9A178DFB2BBE9F90006956E0 /* Frameworks */,
				9A178DFC2BBE9F90006956E0 /* Resources */,
			);
			buildRules = (
			);
			dependencies = (
			);
			name = RunWithWatch;
			productName = RunWithWatch;
			productReference = 9A178DFE2BBE9F90006956E0 /* RunWithWatch.app */;
			productType = "com.apple.product-type.application";
		};
		9A178E0D2BBE9F92006956E0 /* RunWithWatchTests */ = {
			isa = PBXNativeTarget;
			buildConfigurationList = 9A178E252BBE9F92006956E0 /* Build configuration list for PBXNativeTarget "RunWithWatchTests" */;
			buildPhases = (
				9A178E0A2BBE9F92006956E0 /* Sources */,
				9A178E0B2BBE9F92006956E0 /* Frameworks */,
				9A178E0C2BBE9F92006956E0 /* Resources */,
			);
			buildRules = (
			);
			dependencies = (
				9A178E102BBE9F92006956E0 /* PBXTargetDependency */,
			);
			name = RunWithWatchTests;
			productName = RunWithWatchTests;
			productReference = 9A178E0E2BBE9F92006956E0 /* RunWithWatchTests.xctest */;
			productType = "com.apple.product-type.bundle.unit-test";
		};
		9A178E172BBE9F92006956E0 /* RunWithWatchUITests */ = {
			isa = PBXNativeTarget;
			buildConfigurationList = 9A178E282BBE9F92006956E0 /* Build configuration list for PBXNativeTarget "RunWithWatchUITests" */;
			buildPhases = (
				9A178E142BBE9F92006956E0 /* Sources */,
				9A178E152BBE9F92006956E0 /* Frameworks */,
				9A178E162BBE9F92006956E0 /* Resources */,
			);
			buildRules = (
			);
			dependencies = (
				9A178E1A2BBE9F92006956E0 /* PBXTargetDependency */,
			);
			name = RunWithWatchUITests;
			productName = RunWithWatchUITests;
			productReference = 9A178E182BBE9F92006956E0 /* RunWithWatchUITests.xctest */;
			productType = "com.apple.product-type.bundle.ui-testing";
		};
/* End PBXNativeTarget section */

/* Begin PBXProject section */
		9A178DF62BBE9F90006956E0 /* Project object */ = {
			isa = PBXProject;
			attributes = {
				BuildIndependentTargetsInParallel = 1;
				LastSwiftUpdateCheck = 1530;
				LastUpgradeCheck = 1530;
				TargetAttributes = {
					9A178DFD2BBE9F90006956E0 = {
						CreatedOnToolsVersion = 15.3;
					};
					9A178E0D2BBE9F92006956E0 = {
						CreatedOnToolsVersion = 15.3;
						TestTargetID = 9A178DFD2BBE9F90006956E0;
					};
					9A178E172BBE9F92006956E0 = {
						CreatedOnToolsVersion = 15.3;
						TestTargetID = 9A178DFD2BBE9F90006956E0;
					};
				};
			};
			buildConfigurationList = 9A178DF92BBE9F90006956E0 /* Build configuration list for PBXProject "RunWithWatch" */;
			compatibilityVersion = "Xcode 14.0";
			developmentRegion = en;
			hasScannedForEncodings = 0;
			knownRegions = (
				en,
				Base,
			);
			mainGroup = 9A178DF52BBE9F90006956E0;
			productRefGroup = 9A178DFF2BBE9F90006956E0 /* Products */;
			projectDirPath = "";
			projectRoot = "";
			targets = (
				9A178DFD2BBE9F90006956E0 /* RunWithWatch */,
				9A178E0D2BBE9F92006956E0 /* RunWithWatchTests */,
				9A178E172BBE9F92006956E0 /* RunWithWatchUITests */,
			);
		};
/* End PBXProject section */

/* Begin PBXResourcesBuildPhase section */
		9A178DFC2BBE9F90006956E0 /* Resources */ = {
			isa = PBXResourcesBuildPhase;
			buildActionMask = 2147483647;
			files = (
				9A178E092BBE9F92006956E0 /* Preview Assets.xcassets in Resources */,
				9A178E062BBE9F92006956E0 /* Assets.xcassets in Resources */,
			);
			runOnlyForDeploymentPostprocessing = 0;
		};
		9A178E0C2BBE9F92006956E0 /* Resources */ = {
			isa = PBXResourcesBuildPhase;
			buildActionMask = 2147483647;
			files = (
			);
			runOnlyForDeploymentPostprocessing = 0;
		};
		9A178E162BBE9F92006956E0 /* Resources */ = {
			isa = PBXResourcesBuildPhase;
			buildActionMask = 2147483647;
			files = (
			);
			runOnlyForDeploymentPostprocessing = 0;
		};
/* End PBXResourcesBuildPhase section */

/* Begin PBXSourcesBuildPhase section */
		9A178DFA2BBE9F90006956E0 /* Sources */ = {
			isa = PBXSourcesBuildPhase;
			buildActionMask = 2147483647;
			files = (
				9A178E042BBE9F90006956E0 /* ContentView.swift in Sources */,
				9A178E022BBE9F90006956E0 /* RunWithWatchApp.swift in Sources */,
			);
			runOnlyForDeploymentPostprocessing = 0;
		};
		9A178E0A2BBE9F92006956E0 /* Sources */ = {
			isa = PBXSourcesBuildPhase;
			buildActionMask = 2147483647;
			files = (
				9A178E132BBE9F92006956E0 /* RunWithWatchTests.swift in Sources */,
			);
			runOnlyForDeploymentPostprocessing = 0;
		};
		9A178E142BBE9F92006956E0 /* Sources */ = {
			isa = PBXSourcesBuildPhase;
			buildActionMask = 2147483647;
			files = (
				9A178E1F2BBE9F92006956E0 /* RunWithWatchUITestsLaunchTests.swift in Sources */,
				9A178E1D2BBE9F92006956E0 /* RunWithWatchUITests.swift in Sources */,
			);
			runOnlyForDeploymentPostprocessing = 0;
		};
/* End PBXSourcesBuildPhase section */

/* Begin PBXTargetDependency section */
		9A178E102BBE9F92006956E0 /* PBXTargetDependency */ = {
			isa = PBXTargetDependency;
			target = 9A178DFD2BBE9F90006956E0 /* RunWithWatch */;
			targetProxy = 9A178E0F2BBE9F92006956E0 /* PBXContainerItemProxy */;
		};
		9A178E1A2BBE9F92006956E0 /* PBXTargetDependency */ = {
			isa = PBXTargetDependency;
			target = 9A178DFD2BBE9F90006956E0 /* RunWithWatch */;
			targetProxy = 9A178E192BBE9F92006956E0 /* PBXContainerItemProxy */;
		};
/* End PBXTargetDependency section */

/* Begin XCBuildConfiguration section */
		9A178E202BBE9F92006956E0 /* Debug */ = {
			isa = XCBuildConfiguration;
			buildSettings = {
				ALWAYS_SEARCH_USER_PATHS = NO;
				ASSETCATALOG_COMPILER_GENERATE_SWIFT_ASSET_SYMBOL_EXTENSIONS = YES;
				CLANG_ANALYZER_NONNULL = YES;
				CLANG_ANALYZER_NUMBER_OBJECT_CONVERSION = YES_AGGRESSIVE;
				CLANG_CXX_LANGUAGE_STANDARD = "gnu++20";
				CLANG_ENABLE_MODULES = YES;
				CLANG_ENABLE_OBJC_ARC = YES;
				CLANG_ENABLE_OBJC_WEAK = YES;
				CLANG_WARN_BLOCK_CAPTURE_AUTORELEASING = YES;
				CLANG_WARN_BOOL_CONVERSION = YES;
				CLANG_WARN_COMMA = YES;
				CLANG_WARN_CONSTANT_CONVERSION = YES;
				CLANG_WARN_DEPRECATED_OBJC_IMPLEMENTATIONS = YES;
				CLANG_WARN_DIRECT_OBJC_ISA_USAGE = YES_ERROR;
				CLANG_WARN_DOCUMENTATION_COMMENTS = YES;
				CLANG_WARN_EMPTY_BODY = YES;
				CLANG_WARN_ENUM_CONVERSION = YES;
				CLANG_WARN_INFINITE_RECURSION = YES;
				CLANG_WARN_INT_CONVERSION = YES;
				CLANG_WARN_NON_LITERAL_NULL_CONVERSION = YES;
				CLANG_WARN_OBJC_IMPLICIT_RETAIN_SELF = YES;
				CLANG_WARN_OBJC_LITERAL_CONVERSION = YES;
				CLANG_WARN_OBJC_ROOT_CLASS = YES_ERROR;
				CLANG_WARN_QUOTED_INCLUDE_IN_FRAMEWORK_HEADER = YES;
				CLANG_WARN_RANGE_LOOP_ANALYSIS = YES;
				CLANG_WARN_STRICT_PROTOTYPES = YES;
				CLANG_WARN_SUSPICIOUS_MOVE = YES;
				CLANG_WARN_UNGUARDED_AVAILABILITY = YES_AGGRESSIVE;
				CLANG_WARN_UNREACHABLE_CODE = YES;
				CLANG_WARN__DUPLICATE_METHOD_MATCH = YES;
				COPY_PHASE_STRIP = NO;
				DEBUG_INFORMATION_FORMAT = dwarf;
				ENABLE_STRICT_OBJC_MSGSEND = YES;
				ENABLE_TESTABILITY = YES;
				ENABLE_USER_SCRIPT_SANDBOXING = YES;
				GCC_C_LANGUAGE_STANDARD = gnu17;
				GCC_DYNAMIC_NO_PIC = NO;
				GCC_NO_COMMON_BLOCKS = YES;
				GCC_OPTIMIZATION_LEVEL = 0;
				GCC_PREPROCESSOR_DEFINITIONS = (
					"DEBUG=1",
					"$(inherited)",
				);
				GCC_WARN_64_TO_32_BIT_CONVERSION = YES;
				GCC_WARN_ABOUT_RETURN_TYPE = YES_ERROR;
				GCC_WARN_UNDECLARED_SELECTOR = YES;
				GCC_WARN_UNINITIALIZED_AUTOS = YES_AGGRESSIVE;
				GCC_WARN_UNUSED_FUNCTION = YES;
				GCC_WARN_UNUSED_VARIABLE = YES;
				IPHONEOS_DEPLOYMENT_TARGET = 17.4;
				LOCALIZATION_PREFERS_STRING_CATALOGS = YES;
				MTL_ENABLE_DEBUG_INFO = INCLUDE_SOURCE;
				MTL_FAST_MATH = YES;
				ONLY_ACTIVE_ARCH = YES;
				SDKROOT = iphoneos;
				SWIFT_ACTIVE_COMPILATION_CONDITIONS = "DEBUG $(inherited)";
				SWIFT_OPTIMIZATION_LEVEL = "-Onone";
			};
			name = Debug;
		};
		9A178E212BBE9F92006956E0 /* Release */ = {
			isa = XCBuildConfiguration;
			buildSettings = {
				ALWAYS_SEARCH_USER_PATHS = NO;
				ASSETCATALOG_COMPILER_GENERATE_SWIFT_ASSET_SYMBOL_EXTENSIONS = YES;
				CLANG_ANALYZER_NONNULL = YES;
				CLANG_ANALYZER_NUMBER_OBJECT_CONVERSION = YES_AGGRESSIVE;
				CLANG_CXX_LANGUAGE_STANDARD = "gnu++20";
				CLANG_ENABLE_MODULES = YES;
				CLANG_ENABLE_OBJC_ARC = YES;
				CLANG_ENABLE_OBJC_WEAK = YES;
				CLANG_WARN_BLOCK_CAPTURE_AUTORELEASING = YES;
				CLANG_WARN_BOOL_CONVERSION = YES;
				CLANG_WARN_COMMA = YES;
				CLANG_WARN_CONSTANT_CONVERSION = YES;
				CLANG_WARN_DEPRECATED_OBJC_IMPLEMENTATIONS = YES;
				CLANG_WARN_DIRECT_OBJC_ISA_USAGE = YES_ERROR;
				CLANG_WARN_DOCUMENTATION_COMMENTS = YES;
				CLANG_WARN_EMPTY_BODY = YES;
				CLANG_WARN_ENUM_CONVERSION = YES;
				CLANG_WARN_INFINITE_RECURSION = YES;
				CLANG_WARN_INT_CONVERSION = YES;
				CLANG_WARN_NON_LITERAL_NULL_CONVERSION = YES;
				CLANG_WARN_OBJC_IMPLICIT_RETAIN_SELF = YES;
				CLANG_WARN_OBJC_LITERAL_CONVERSION = YES;
				CLANG_WARN_OBJC_ROOT_CLASS = YES_ERROR;
				CLANG_WARN_QUOTED_INCLUDE_IN_FRAMEWORK_HEADER = YES;
				CLANG_WARN_RANGE_LOOP_ANALYSIS = YES;
				CLANG_WARN_STRICT_PROTOTYPES = YES;
				CLANG_WARN_SUSPICIOUS_MOVE = YES;
				CLANG_WARN_UNGUARDED_AVAILABILITY = YES_AGGRESSIVE;
				CLANG_WARN_UNREACHABLE_CODE = YES;
				CLANG_WARN__DUPLICATE_METHOD_MATCH = YES;
				COPY_PHASE_STRIP = NO;
				DEBUG_INFORMATION_FORMAT = "dwarf-with-dsym";
				ENABLE_NS_ASSERTIONS = NO;
				ENABLE_STRICT_OBJC_MSGSEND = YES;
				ENABLE_USER_SCRIPT_SANDBOXING = YES;
				GCC_C_LANGUAGE_STANDARD = gnu17;
				GCC_NO_COMMON_BLOCKS = YES;
				GCC_WARN_64_TO_32_BIT_CONVERSION = YES;
				GCC_WARN_ABOUT_RETURN_TYPE = YES_ERROR;
				GCC_WARN_UNDECLARED_SELECTOR = YES;
				GCC_WARN_UNINITIALIZED_AUTOS = YES_AGGRESSIVE;
				GCC_WARN_UNUSED_FUNCTION = YES;
				GCC_WARN_UNUSED_VARIABLE = YES;
				IPHONEOS_DEPLOYMENT_TARGET = 17.4;
				LOCALIZATION_PREFERS_STRING_CATALOGS = YES;
				MTL_ENABLE_DEBUG_INFO = NO;
				MTL_FAST_MATH = YES;
				SDKROOT = iphoneos;
				SWIFT_COMPILATION_MODE = wholemodule;
				VALIDATE_PRODUCT = YES;
			};
			name = Release;
		};
		9A178E232BBE9F92006956E0 /* Debug */ = {
			isa = XCBuildConfiguration;
			buildSettings = {
				ASSETCATALOG_COMPILER_APPICON_NAME = AppIcon;
				ASSETCATALOG_COMPILER_GLOBAL_ACCENT_COLOR_NAME = AccentColor;
				CODE_SIGN_STYLE = Automatic;
				CURRENT_PROJECT_VERSION = 1;
				DEVELOPMENT_ASSET_PATHS = "\"RunWithWatch/Preview Content\"";
				DEVELOPMENT_TEAM = 4QP64UP44Y;
				ENABLE_PREVIEWS = YES;
				GENERATE_INFOPLIST_FILE = YES;
				INFOPLIST_KEY_UIApplicationSceneManifest_Generation = YES;
				INFOPLIST_KEY_UIApplicationSupportsIndirectInputEvents = YES;
				INFOPLIST_KEY_UILaunchScreen_Generation = YES;
				INFOPLIST_KEY_UISupportedInterfaceOrientations_iPad = "UIInterfaceOrientationPortrait UIInterfaceOrientationPortraitUpsideDown UIInterfaceOrientationLandscapeLeft UIInterfaceOrientationLandscapeRight";
				INFOPLIST_KEY_UISupportedInterfaceOrientations_iPhone = "UIInterfaceOrientationPortrait UIInterfaceOrientationLandscapeLeft UIInterfaceOrientationLandscapeRight";
				LD_RUNPATH_SEARCH_PATHS = (
					"$(inherited)",
					"@executable_path/Frameworks",
				);
				MARKETING_VERSION = 1.0;
				PRODUCT_BUNDLE_IDENTIFIER = com.delask.RunWithWatch;
				PRODUCT_NAME = "$(TARGET_NAME)";
				SWIFT_EMIT_LOC_STRINGS = YES;
				SWIFT_VERSION = 5.0;
				TARGETED_DEVICE_FAMILY = "1,2";
			};
			name = Debug;
		};
		9A178E242BBE9F92006956E0 /* Release */ = {
			isa = XCBuildConfiguration;
			buildSettings = {
				ASSETCATALOG_COMPILER_APPICON_NAME = AppIcon;
				ASSETCATALOG_COMPILER_GLOBAL_ACCENT_COLOR_NAME = AccentColor;
				CODE_SIGN_STYLE = Automatic;
				CURRENT_PROJECT_VERSION = 1;
				DEVELOPMENT_ASSET_PATHS = "\"RunWithWatch/Preview Content\"";
				DEVELOPMENT_TEAM = 4QP64UP44Y;
				ENABLE_PREVIEWS = YES;
				GENERATE_INFOPLIST_FILE = YES;
				INFOPLIST_KEY_UIApplicationSceneManifest_Generation = YES;
				INFOPLIST_KEY_UIApplicationSupportsIndirectInputEvents = YES;
				INFOPLIST_KEY_UILaunchScreen_Generation = YES;
				INFOPLIST_KEY_UISupportedInterfaceOrientations_iPad = "UIInterfaceOrientationPortrait UIInterfaceOrientationPortraitUpsideDown UIInterfaceOrientationLandscapeLeft UIInterfaceOrientationLandscapeRight";
				INFOPLIST_KEY_UISupportedInterfaceOrientations_iPhone = "UIInterfaceOrientationPortrait UIInterfaceOrientationLandscapeLeft UIInterfaceOrientationLandscapeRight";
				LD_RUNPATH_SEARCH_PATHS = (
					"$(inherited)",
					"@executable_path/Frameworks",
				);
				MARKETING_VERSION = 1.0;
				PRODUCT_BUNDLE_IDENTIFIER = com.delask.RunWithWatch;
				PRODUCT_NAME = "$(TARGET_NAME)";
				SWIFT_EMIT_LOC_STRINGS = YES;
				SWIFT_VERSION = 5.0;
				TARGETED_DEVICE_FAMILY = "1,2";
			};
			name = Release;
		};
		9A178E262BBE9F92006956E0 /* Debug */ = {
			isa = XCBuildConfiguration;
			buildSettings = {
				ALWAYS_EMBED_SWIFT_STANDARD_LIBRARIES = YES;
				BUNDLE_LOADER = "$(TEST_HOST)";
				CODE_SIGN_STYLE = Automatic;
				CURRENT_PROJECT_VERSION = 1;
				DEVELOPMENT_TEAM = 4QP64UP44Y;
				GENERATE_INFOPLIST_FILE = YES;
				IPHONEOS_DEPLOYMENT_TARGET = 17.4;
				MARKETING_VERSION = 1.0;
				PRODUCT_BUNDLE_IDENTIFIER = com.delask.RunWithWatchTests;
				PRODUCT_NAME = "$(TARGET_NAME)";
				SWIFT_EMIT_LOC_STRINGS = NO;
				SWIFT_VERSION = 5.0;
				TARGETED_DEVICE_FAMILY = "1,2";
				TEST_HOST = "$(BUILT_PRODUCTS_DIR)/RunWithWatch.app/$(BUNDLE_EXECUTABLE_FOLDER_PATH)/RunWithWatch";
			};
			name = Debug;
		};
		9A178E272BBE9F92006956E0 /* Release */ = {
			isa = XCBuildConfiguration;
			buildSettings = {
				ALWAYS_EMBED_SWIFT_STANDARD_LIBRARIES = YES;
				BUNDLE_LOADER = "$(TEST_HOST)";
				CODE_SIGN_STYLE = Automatic;
				CURRENT_PROJECT_VERSION = 1;
				DEVELOPMENT_TEAM = 4QP64UP44Y;
				GENERATE_INFOPLIST_FILE = YES;
				IPHONEOS_DEPLOYMENT_TARGET = 17.4;
				MARKETING_VERSION = 1.0;
				PRODUCT_BUNDLE_IDENTIFIER = com.delask.RunWithWatchTests;
				PRODUCT_NAME = "$(TARGET_NAME)";
				SWIFT_EMIT_LOC_STRINGS = NO;
				SWIFT_VERSION = 5.0;
				TARGETED_DEVICE_FAMILY = "1,2";
				TEST_HOST = "$(BUILT_PRODUCTS_DIR)/RunWithWatch.app/$(BUNDLE_EXECUTABLE_FOLDER_PATH)/RunWithWatch";
			};
			name = Release;
		};
		9A178E292BBE9F92006956E0 /* Debug */ = {
			isa = XCBuildConfiguration;
			buildSettings = {
				ALWAYS_EMBED_SWIFT_STANDARD_LIBRARIES = YES;
				CODE_SIGN_STYLE = Automatic;
				CURRENT_PROJECT_VERSION = 1;
				DEVELOPMENT_TEAM = 4QP64UP44Y;
				GENERATE_INFOPLIST_FILE = YES;
				MARKETING_VERSION = 1.0;
				PRODUCT_BUNDLE_IDENTIFIER = com.delask.RunWithWatchUITests;
				PRODUCT_NAME = "$(TARGET_NAME)";
				SWIFT_EMIT_LOC_STRINGS = NO;
				SWIFT_VERSION = 5.0;
				TARGETED_DEVICE_FAMILY = "1,2";
				TEST_TARGET_NAME = RunWithWatch;
			};
			name = Debug;
		};
		9A178E2A2BBE9F92006956E0 /* Release */ = {
			isa = XCBuildConfiguration;
			buildSettings = {
				ALWAYS_EMBED_SWIFT_STANDARD_LIBRARIES = YES;
				CODE_SIGN_STYLE = Automatic;
				CURRENT_PROJECT_VERSION = 1;
				DEVELOPMENT_TEAM = 4QP64UP44Y;
				GENERATE_INFOPLIST_FILE = YES;
				MARKETING_VERSION = 1.0;
				PRODUCT_BUNDLE_IDENTIFIER = com.delask.RunWithWatchUITests;
				PRODUCT_NAME = "$(TARGET_NAME)";
				SWIFT_EMIT_LOC_STRINGS = NO;
				SWIFT_VERSION = 5.0;
				TARGETED_DEVICE_FAMILY = "1,2";
				TEST_TARGET_NAME = RunWithWatch;
			};
			name = Release;
		};
/* End XCBuildConfiguration section */

/* Begin XCConfigurationList section */
		9A178DF92BBE9F90006956E0 /* Build configuration list for PBXProject "RunWithWatch" */ = {
			isa = XCConfigurationList;
			buildConfigurations = (
				9A178E202BBE9F92006956E0 /* Debug */,
				9A178E212BBE9F92006956E0 /* Release */,
			);
			defaultConfigurationIsVisible = 0;
			defaultConfigurationName = Release;
		};
		9A178E222BBE9F92006956E0 /* Build configuration list for PBXNativeTarget "RunWithWatch" */ = {
			isa = XCConfigurationList;
			buildConfigurations = (
				9A178E232BBE9F92006956E0 /* Debug */,
				9A178E242BBE9F92006956E0 /* Release */,
			);
			defaultConfigurationIsVisible = 0;
			defaultConfigurationName = Release;
		};
		9A178E252BBE9F92006956E0 /* Build configuration list for PBXNativeTarget "RunWithWatchTests" */ = {
			isa = XCConfigurationList;
			buildConfigurations = (
				9A178E262BBE9F92006956E0 /* Debug */,
				9A178E272BBE9F92006956E0 /* Release */,
			);
			defaultConfigurationIsVisible = 0;
			defaultConfigurationName = Release;
		};
		9A178E282BBE9F92006956E0 /* Build configuration list for PBXNativeTarget "RunWithWatchUITests" */ = {
			isa = XCConfigurationList;
			buildConfigurations = (
				9A178E292BBE9F92006956E0 /* Debug */,
				9A178E2A2BBE9F92006956E0 /* Release */,
			);
			defaultConfigurationIsVisible = 0;
			defaultConfigurationName = Release;
		};
/* End XCConfigurationList section */
	};
	rootObject = 9A178DF62BBE9F90006956E0 /* Project object */;
}
